
Microsoft Visual Studio Solution File, Format Version 12.00
# Visual Studio 2013
VisualStudioVersion = 12.0.31101.0
MinimumVisualStudioVersion = 10.0.40219.1
Project("{8BC9CEB8-8B4A-11D0-8D11-00A0C91BC942}") = "26_ColorfulNumber", "26_ColorfulNumber\26_ColorfulNumber.vcxproj", "{967C13C7-3158-4307-9BEC-2C065D0A1869}"
EndProject
Global
	GlobalSection(SolutionConfigurationPlatforms) = preSolution
		Debug|Win32 = Debug|Win32
		Release|Win32 = Release|Win32
	EndGlobalSection
	GlobalSection(ProjectConfigurationPlatforms) = postSolution
		{967C13C7-3158-4307-9BEC-2C065D0A1869}.Debug|Win32.ActiveCfg = Debug|Win32
		{967C13C7-3158-4307-9BEC-2C065D0A1869}.Debug|Win32.Build.0 = Debug|Win32
		{967C13C7-3158-4307-9BEC-2C065D0A1869}.Release|Win32.ActiveCfg = Release|Win32
		{967C13C7-3158-4307-9BEC-2C065D0A1869}.Release|Win32.Build.0 = Release|Win32
	EndGlobalSection
	GlobalSection(SolutionProperties) = preSolution
		HideSolutionNode = FALSE
	EndGlobalSection
EndGlobal
