
Microsoft Visual Studio Solution File, Format Version 12.00
# Visual Studio 2013
VisualStudioVersion = 12.0.31101.0
MinimumVisualStudioVersion = 10.0.40219.1
Project("{8BC9CEB8-8B4A-11D0-8D11-00A0C91BC942}") = "CareerCupAmazon001", "CareerCupAmazon001\CareerCupAmazon001.vcxproj", "{3E1DC0B3-7A9E-4291-923B-E50D571BA480}"
EndProject
Global
	GlobalSection(SolutionConfigurationPlatforms) = preSolution
		Debug|Win32 = Debug|Win32
		Release|Win32 = Release|Win32
	EndGlobalSection
	GlobalSection(ProjectConfigurationPlatforms) = postSolution
		{3E1DC0B3-7A9E-4291-923B-E50D571BA480}.Debug|Win32.ActiveCfg = Debug|Win32
		{3E1DC0B3-7A9E-4291-923B-E50D571BA480}.Debug|Win32.Build.0 = Debug|Win32
		{3E1DC0B3-7A9E-4291-923B-E50D571BA480}.Release|Win32.ActiveCfg = Release|Win32
		{3E1DC0B3-7A9E-4291-923B-E50D571BA480}.Release|Win32.Build.0 = Release|Win32
	EndGlobalSection
	GlobalSection(SolutionProperties) = preSolution
		HideSolutionNode = FALSE
	EndGlobalSection
EndGlobal
