
Microsoft Visual Studio Solution File, Format Version 12.00
# Visual Studio 2013
VisualStudioVersion = 12.0.31101.0
MinimumVisualStudioVersion = 10.0.40219.1
Project("{8BC9CEB8-8B4A-11D0-8D11-00A0C91BC942}") = "Unique_42_NXNMatrix_Red_Black", "Unique_42_NXNMatrix_Red_Black\Unique_42_NXNMatrix_Red_Black.vcxproj", "{AEBC616D-0CA4-4C66-9DB5-3390913363CF}"
EndProject
Global
	GlobalSection(SolutionConfigurationPlatforms) = preSolution
		Debug|Win32 = Debug|Win32
		Release|Win32 = Release|Win32
	EndGlobalSection
	GlobalSection(ProjectConfigurationPlatforms) = postSolution
		{AEBC616D-0CA4-4C66-9DB5-3390913363CF}.Debug|Win32.ActiveCfg = Debug|Win32
		{AEBC616D-0CA4-4C66-9DB5-3390913363CF}.Debug|Win32.Build.0 = Debug|Win32
		{AEBC616D-0CA4-4C66-9DB5-3390913363CF}.Release|Win32.ActiveCfg = Release|Win32
		{AEBC616D-0CA4-4C66-9DB5-3390913363CF}.Release|Win32.Build.0 = Release|Win32
	EndGlobalSection
	GlobalSection(SolutionProperties) = preSolution
		HideSolutionNode = FALSE
	EndGlobalSection
EndGlobal
