
Microsoft Visual Studio Solution File, Format Version 12.00
# Visual Studio 15
VisualStudioVersion = 15.0.28010.2050
MinimumVisualStudioVersion = 10.0.40219.1
Project("{FAE04EC0-301F-11D3-BF4B-00C04F79EFBC}") = "CSharp_CrackCode_01_03", "CSharp_CrackCode_01_03\CSharp_CrackCode_01_03.csproj", "{906094F6-E472-4F7B-B7E4-2B11F57ACC59}"
EndProject
Global
	GlobalSection(SolutionConfigurationPlatforms) = preSolution
		Debug|Any CPU = Debug|Any CPU
		Release|Any CPU = Release|Any CPU
	EndGlobalSection
	GlobalSection(ProjectConfigurationPlatforms) = postSolution
		{906094F6-E472-4F7B-B7E4-2B11F57ACC59}.Debug|Any CPU.ActiveCfg = Debug|Any CPU
		{906094F6-E472-4F7B-B7E4-2B11F57ACC59}.Debug|Any CPU.Build.0 = Debug|Any CPU
		{906094F6-E472-4F7B-B7E4-2B11F57ACC59}.Release|Any CPU.ActiveCfg = Release|Any CPU
		{906094F6-E472-4F7B-B7E4-2B11F57ACC59}.Release|Any CPU.Build.0 = Release|Any CPU
	EndGlobalSection
	GlobalSection(SolutionProperties) = preSolution
		HideSolutionNode = FALSE
	EndGlobalSection
	GlobalSection(ExtensibilityGlobals) = postSolution
		SolutionGuid = {2E7E7DAE-2C86-4691-923B-17396DC9A48B}
	EndGlobalSection
EndGlobal
