
Microsoft Visual Studio Solution File, Format Version 12.00
# Visual Studio 2013
VisualStudioVersion = 12.0.31101.0
MinimumVisualStudioVersion = 10.0.40219.1
Project("{8BC9CEB8-8B4A-11D0-8D11-00A0C91BC942}") = "Unique_47_AngleBetween", "Unique_47_AngleBetween\Unique_47_AngleBetween.vcxproj", "{EF689515-B537-43CC-97CE-2161A91AD341}"
EndProject
Global
	GlobalSection(SolutionConfigurationPlatforms) = preSolution
		Debug|Win32 = Debug|Win32
		Release|Win32 = Release|Win32
	EndGlobalSection
	GlobalSection(ProjectConfigurationPlatforms) = postSolution
		{EF689515-B537-43CC-97CE-2161A91AD341}.Debug|Win32.ActiveCfg = Debug|Win32
		{EF689515-B537-43CC-97CE-2161A91AD341}.Debug|Win32.Build.0 = Debug|Win32
		{EF689515-B537-43CC-97CE-2161A91AD341}.Release|Win32.ActiveCfg = Release|Win32
		{EF689515-B537-43CC-97CE-2161A91AD341}.Release|Win32.Build.0 = Release|Win32
	EndGlobalSection
	GlobalSection(SolutionProperties) = preSolution
		HideSolutionNode = FALSE
	EndGlobalSection
EndGlobal
